
Microsoft Visual Studio Solution File, Format Version 12.00
# Visual Studio 15
VisualStudioVersion = 15.0.27428.2015
MinimumVisualStudioVersion = 10.0.40219.1
Project("{9A19103F-16F7-4668-BE54-9A1E7A4F7556}") = "BreakingNews.Domain", "BreakingNews.Domain\BreakingNews.Domain.csproj", "{7EFBB7C7-1212-4CD7-9FB3-57C3C0E2CF3B}"
EndProject
Project("{9A19103F-16F7-4668-BE54-9A1E7A4F7556}") = "BreakingNews.Infrastructure.Database", "BreakingNews.Infrastructure.Database\BreakingNews.Infrastructure.Database.csproj", "{13CBE476-FCA6-4A4D-8356-183F5F186032}"
EndProject
Project("{9A19103F-16F7-4668-BE54-9A1E7A4F7556}") = "BreakingNews.Application", "BreakingNews.Application\BreakingNews.Application.csproj", "{0DBE41E4-1A12-483C-A266-2DCBDA3370B7}"
EndProject
Project("{9A19103F-16F7-4668-BE54-9A1E7A4F7556}") = "BreakingNews.Presentation.AspNetCore", "BreakingNews.Presentation.AspNetCore\BreakingNews.Presentation.AspNetCore.csproj", "{0B27A0EA-0648-4F84-B3BE-93C8D1BF6B3F}"
EndProject
Global
	GlobalSection(SolutionConfigurationPlatforms) = preSolution
		Debug|Any CPU = Debug|Any CPU
		Release|Any CPU = Release|Any CPU
	EndGlobalSection
	GlobalSection(ProjectConfigurationPlatforms) = postSolution
		{7EFBB7C7-1212-4CD7-9FB3-57C3C0E2CF3B}.Debug|Any CPU.ActiveCfg = Debug|Any CPU
		{7EFBB7C7-1212-4CD7-9FB3-57C3C0E2CF3B}.Debug|Any CPU.Build.0 = Debug|Any CPU
		{7EFBB7C7-1212-4CD7-9FB3-57C3C0E2CF3B}.Release|Any CPU.ActiveCfg = Release|Any CPU
		{7EFBB7C7-1212-4CD7-9FB3-57C3C0E2CF3B}.Release|Any CPU.Build.0 = Release|Any CPU
		{13CBE476-FCA6-4A4D-8356-183F5F186032}.Debug|Any CPU.ActiveCfg = Debug|Any CPU
		{13CBE476-FCA6-4A4D-8356-183F5F186032}.Debug|Any CPU.Build.0 = Debug|Any CPU
		{13CBE476-FCA6-4A4D-8356-183F5F186032}.Release|Any CPU.ActiveCfg = Release|Any CPU
		{13CBE476-FCA6-4A4D-8356-183F5F186032}.Release|Any CPU.Build.0 = Release|Any CPU
		{0DBE41E4-1A12-483C-A266-2DCBDA3370B7}.Debug|Any CPU.ActiveCfg = Debug|Any CPU
		{0DBE41E4-1A12-483C-A266-2DCBDA3370B7}.Debug|Any CPU.Build.0 = Debug|Any CPU
		{0DBE41E4-1A12-483C-A266-2DCBDA3370B7}.Release|Any CPU.ActiveCfg = Release|Any CPU
		{0DBE41E4-1A12-483C-A266-2DCBDA3370B7}.Release|Any CPU.Build.0 = Release|Any CPU
		{0B27A0EA-0648-4F84-B3BE-93C8D1BF6B3F}.Debug|Any CPU.ActiveCfg = Debug|Any CPU
		{0B27A0EA-0648-4F84-B3BE-93C8D1BF6B3F}.Debug|Any CPU.Build.0 = Debug|Any CPU
		{0B27A0EA-0648-4F84-B3BE-93C8D1BF6B3F}.Release|Any CPU.ActiveCfg = Release|Any CPU
		{0B27A0EA-0648-4F84-B3BE-93C8D1BF6B3F}.Release|Any CPU.Build.0 = Release|Any CPU
	EndGlobalSection
	GlobalSection(SolutionProperties) = preSolution
		HideSolutionNode = FALSE
	EndGlobalSection
	GlobalSection(ExtensibilityGlobals) = postSolution
		SolutionGuid = {BBCA160E-38E1-487D-AEE0-278FA9591F3A}
	EndGlobalSection
EndGlobal
